
Microsoft Visual Studio Solution File, Format Version 12.00
# Visual Studio 15
VisualStudioVersion = 15.0.28307.168
MinimumVisualStudioVersion = 10.0.40219.1
Project("{8BC9CEB8-8B4A-11D0-8D11-00A0C91BC942}") = "advanced_cpp_class", "advanced_cpp_class\advanced_cpp_class.vcxproj", "{B1682D19-6037-4CC5-BE75-765D042EA229}"
EndProject
Global
	GlobalSection(SolutionConfigurationPlatforms) = preSolution
		Debug|x64 = Debug|x64
		Debug|x86 = Debug|x86
		Release|x64 = Release|x64
		Release|x86 = Release|x86
	EndGlobalSection
	GlobalSection(ProjectConfigurationPlatforms) = postSolution
		{B1682D19-6037-4CC5-BE75-765D042EA229}.Debug|x64.ActiveCfg = Debug|x64
		{B1682D19-6037-4CC5-BE75-765D042EA229}.Debug|x64.Build.0 = Debug|x64
		{B1682D19-6037-4CC5-BE75-765D042EA229}.Debug|x86.ActiveCfg = Debug|Win32
		{B1682D19-6037-4CC5-BE75-765D042EA229}.Debug|x86.Build.0 = Debug|Win32
		{B1682D19-6037-4CC5-BE75-765D042EA229}.Release|x64.ActiveCfg = Release|x64
		{B1682D19-6037-4CC5-BE75-765D042EA229}.Release|x64.Build.0 = Release|x64
		{B1682D19-6037-4CC5-BE75-765D042EA229}.Release|x86.ActiveCfg = Release|Win32
		{B1682D19-6037-4CC5-BE75-765D042EA229}.Release|x86.Build.0 = Release|Win32
	EndGlobalSection
	GlobalSection(SolutionProperties) = preSolution
		HideSolutionNode = FALSE
	EndGlobalSection
	GlobalSection(ExtensibilityGlobals) = postSolution
		SolutionGuid = {3AE03CC2-84E7-4BA6-83A6-F0712A42BA6D}
	EndGlobalSection
EndGlobal
